
Microsoft Visual Studio Solution File, Format Version 12.00
# Visual Studio Version 16
VisualStudioVersion = 16.0.28315.86
MinimumVisualStudioVersion = 10.0.40219.1
Project("{2150E333-8FDC-42A3-9474-1A3956D46DE8}") = "Engine", "Engine", "{94A6C6F3-99B3-346E-9557-ABF9D4064DBD}"
EndProject
Project("{2150E333-8FDC-42A3-9474-1A3956D46DE8}") = "Games", "Games", "{8E2F6A87-1826-34F4-940C-CC23A48F9FE4}"
EndProject
Project("{8BC9CEB8-8B4A-11D0-8D11-00A0C91BC942}") = "UE4", "Intermediate\ProjectFiles\UE4.vcxproj", "{DA2BCEB1-19F4-4F30-86E4-E8AF5105ADF1}"
EndProject
Project("{8BC9CEB8-8B4A-11D0-8D11-00A0C91BC942}") = "TeaPotLabs", "Intermediate\ProjectFiles\TeaPotLabs.vcxproj", "{D94C4130-F4B4-4F79-953C-52B137F804E4}"
EndProject
Project("{2150E333-8FDC-42A3-9474-1A3956D46DE8}") = "Visualizers", "Visualizers", "{1CCEC849-CC72-4C59-8C36-2F7C38706D4C}"
	ProjectSection(SolutionItems) = preProject
		S:\UE_4.25\Engine\Extras\VisualStudioDebugging\UE4.natvis = S:\UE_4.25\Engine\Extras\VisualStudioDebugging\UE4.natvis
	EndProjectSection
EndProject
Global
	GlobalSection(SolutionConfigurationPlatforms) = preSolution
		DebugGame Editor|HoloLens = DebugGame Editor|HoloLens
		DebugGame Editor|Win32 = DebugGame Editor|Win32
		DebugGame Editor|Win64 = DebugGame Editor|Win64
		DebugGame|HoloLens = DebugGame|HoloLens
		DebugGame|Win32 = DebugGame|Win32
		DebugGame|Win64 = DebugGame|Win64
		Development Editor|HoloLens = Development Editor|HoloLens
		Development Editor|Win32 = Development Editor|Win32
		Development Editor|Win64 = Development Editor|Win64
		Development|HoloLens = Development|HoloLens
		Development|Win32 = Development|Win32
		Development|Win64 = Development|Win64
		Shipping|HoloLens = Shipping|HoloLens
		Shipping|Win32 = Shipping|Win32
		Shipping|Win64 = Shipping|Win64
	EndGlobalSection
	GlobalSection(ProjectConfigurationPlatforms) = postSolution
		{DA2BCEB1-19F4-4F30-86E4-E8AF5105ADF1}.DebugGame Editor|HoloLens.ActiveCfg = BuiltWithUnrealBuildTool|Win32
		{DA2BCEB1-19F4-4F30-86E4-E8AF5105ADF1}.DebugGame Editor|Win32.ActiveCfg = BuiltWithUnrealBuildTool|Win32
		{DA2BCEB1-19F4-4F30-86E4-E8AF5105ADF1}.DebugGame Editor|Win64.ActiveCfg = BuiltWithUnrealBuildTool|Win32
		{DA2BCEB1-19F4-4F30-86E4-E8AF5105ADF1}.DebugGame|HoloLens.ActiveCfg = BuiltWithUnrealBuildTool|Win32
		{DA2BCEB1-19F4-4F30-86E4-E8AF5105ADF1}.DebugGame|Win32.ActiveCfg = BuiltWithUnrealBuildTool|Win32
		{DA2BCEB1-19F4-4F30-86E4-E8AF5105ADF1}.DebugGame|Win64.ActiveCfg = BuiltWithUnrealBuildTool|Win32
		{DA2BCEB1-19F4-4F30-86E4-E8AF5105ADF1}.Development Editor|HoloLens.ActiveCfg = BuiltWithUnrealBuildTool|Win32
		{DA2BCEB1-19F4-4F30-86E4-E8AF5105ADF1}.Development Editor|Win32.ActiveCfg = BuiltWithUnrealBuildTool|Win32
		{DA2BCEB1-19F4-4F30-86E4-E8AF5105ADF1}.Development Editor|Win64.ActiveCfg = BuiltWithUnrealBuildTool|Win32
		{DA2BCEB1-19F4-4F30-86E4-E8AF5105ADF1}.Development|HoloLens.ActiveCfg = BuiltWithUnrealBuildTool|Win32
		{DA2BCEB1-19F4-4F30-86E4-E8AF5105ADF1}.Development|Win32.ActiveCfg = BuiltWithUnrealBuildTool|Win32
		{DA2BCEB1-19F4-4F30-86E4-E8AF5105ADF1}.Development|Win64.ActiveCfg = BuiltWithUnrealBuildTool|Win32
		{DA2BCEB1-19F4-4F30-86E4-E8AF5105ADF1}.Shipping|HoloLens.ActiveCfg = BuiltWithUnrealBuildTool|Win32
		{DA2BCEB1-19F4-4F30-86E4-E8AF5105ADF1}.Shipping|Win32.ActiveCfg = BuiltWithUnrealBuildTool|Win32
		{DA2BCEB1-19F4-4F30-86E4-E8AF5105ADF1}.Shipping|Win64.ActiveCfg = BuiltWithUnrealBuildTool|Win32
		{D94C4130-F4B4-4F79-953C-52B137F804E4}.DebugGame Editor|HoloLens.ActiveCfg = Invalid|Win32
		{D94C4130-F4B4-4F79-953C-52B137F804E4}.DebugGame Editor|Win32.ActiveCfg = Invalid|Win32
		{D94C4130-F4B4-4F79-953C-52B137F804E4}.DebugGame Editor|Win64.ActiveCfg = DebugGame_Editor|x64
		{D94C4130-F4B4-4F79-953C-52B137F804E4}.DebugGame Editor|Win64.Build.0 = DebugGame_Editor|x64
		{D94C4130-F4B4-4F79-953C-52B137F804E4}.DebugGame|HoloLens.ActiveCfg = DebugGame|arm64
		{D94C4130-F4B4-4F79-953C-52B137F804E4}.DebugGame|HoloLens.Build.0 = DebugGame|arm64
		{D94C4130-F4B4-4F79-953C-52B137F804E4}.DebugGame|HoloLens.Deploy.0 = DebugGame|arm64
		{D94C4130-F4B4-4F79-953C-52B137F804E4}.DebugGame|Win32.ActiveCfg = DebugGame|Win32
		{D94C4130-F4B4-4F79-953C-52B137F804E4}.DebugGame|Win32.Build.0 = DebugGame|Win32
		{D94C4130-F4B4-4F79-953C-52B137F804E4}.DebugGame|Win64.ActiveCfg = DebugGame|x64
		{D94C4130-F4B4-4F79-953C-52B137F804E4}.DebugGame|Win64.Build.0 = DebugGame|x64
		{D94C4130-F4B4-4F79-953C-52B137F804E4}.Development Editor|HoloLens.ActiveCfg = Invalid|Win32
		{D94C4130-F4B4-4F79-953C-52B137F804E4}.Development Editor|Win32.ActiveCfg = Invalid|Win32
		{D94C4130-F4B4-4F79-953C-52B137F804E4}.Development Editor|Win64.ActiveCfg = Development_Editor|x64
		{D94C4130-F4B4-4F79-953C-52B137F804E4}.Development Editor|Win64.Build.0 = Development_Editor|x64
		{D94C4130-F4B4-4F79-953C-52B137F804E4}.Development|HoloLens.ActiveCfg = Development|arm64
		{D94C4130-F4B4-4F79-953C-52B137F804E4}.Development|HoloLens.Build.0 = Development|arm64
		{D94C4130-F4B4-4F79-953C-52B137F804E4}.Development|HoloLens.Deploy.0 = Development|arm64
		{D94C4130-F4B4-4F79-953C-52B137F804E4}.Development|Win32.ActiveCfg = Development|Win32
		{D94C4130-F4B4-4F79-953C-52B137F804E4}.Development|Win32.Build.0 = Development|Win32
		{D94C4130-F4B4-4F79-953C-52B137F804E4}.Development|Win64.ActiveCfg = Development|x64
		{D94C4130-F4B4-4F79-953C-52B137F804E4}.Development|Win64.Build.0 = Development|x64
		{D94C4130-F4B4-4F79-953C-52B137F804E4}.Shipping|HoloLens.ActiveCfg = Shipping|arm64
		{D94C4130-F4B4-4F79-953C-52B137F804E4}.Shipping|HoloLens.Build.0 = Shipping|arm64
		{D94C4130-F4B4-4F79-953C-52B137F804E4}.Shipping|HoloLens.Deploy.0 = Shipping|arm64
		{D94C4130-F4B4-4F79-953C-52B137F804E4}.Shipping|Win32.ActiveCfg = Shipping|Win32
		{D94C4130-F4B4-4F79-953C-52B137F804E4}.Shipping|Win32.Build.0 = Shipping|Win32
		{D94C4130-F4B4-4F79-953C-52B137F804E4}.Shipping|Win64.ActiveCfg = Shipping|x64
		{D94C4130-F4B4-4F79-953C-52B137F804E4}.Shipping|Win64.Build.0 = Shipping|x64
	EndGlobalSection
	GlobalSection(SolutionProperties) = preSolution
		HideSolutionNode = FALSE
	EndGlobalSection
	GlobalSection(NestedProjects) = preSolution
		{DA2BCEB1-19F4-4F30-86E4-E8AF5105ADF1} = {94A6C6F3-99B3-346E-9557-ABF9D4064DBD}
		{D94C4130-F4B4-4F79-953C-52B137F804E4} = {8E2F6A87-1826-34F4-940C-CC23A48F9FE4}
	EndGlobalSection
EndGlobal
